// !$*UTF8*$!
{
	archiveVersion = 1;
	classes = {
	};
	objectVersion = 46;
	objects = {

/* Begin PBXBuildFile section */
		A180AB0119925B5A006268A6 /* Foundation.framework in Frameworks */ = {isa = PBXBuildFile; fileRef = A180AB0019925B5A006268A6 /* Foundation.framework */; };
		A180AB0319925B5A006268A6 /* CoreGraphics.framework in Frameworks */ = {isa = PBXBuildFile; fileRef = A180AB0219925B5A006268A6 /* CoreGraphics.framework */; };
		A180AB0519925B5A006268A6 /* UIKit.framework in Frameworks */ = {isa = PBXBuildFile; fileRef = A180AB0419925B5A006268A6 /* UIKit.framework */; };
		A180AB0B19925B5A006268A6 /* InfoPlist.strings in Resources */ = {isa = PBXBuildFile; fileRef = A180AB0919925B5A006268A6 /* InfoPlist.strings */; };
		A180AB0D19925B5A006268A6 /* main.m in Sources */ = {isa = PBXBuildFile; fileRef = A180AB0C19925B5A006268A6 /* main.m */; };
		A180AB1119925B5A006268A6 /* YQAppDelegate.m in Sources */ = {isa = PBXBuildFile; fileRef = A180AB1019925B5A006268A6 /* YQAppDelegate.m */; };
		A180AB1319925B5A006268A6 /* Images.xcassets in Resources */ = {isa = PBXBuildFile; fileRef = A180AB1219925B5A006268A6 /* Images.xcassets */; };
		A180AB1A19925B5A006268A6 /* XCTest.framework in Frameworks */ = {isa = PBXBuildFile; fileRef = A180AB1919925B5A006268A6 /* XCTest.framework */; };
		A180AB1B19925B5A006268A6 /* Foundation.framework in Frameworks */ = {isa = PBXBuildFile; fileRef = A180AB0019925B5A006268A6 /* Foundation.framework */; };
		A180AB1C19925B5A006268A6 /* UIKit.framework in Frameworks */ = {isa = PBXBuildFile; fileRef = A180AB0419925B5A006268A6 /* UIKit.framework */; };
		A180AB2419925B5A006268A6 /* InfoPlist.strings in Resources */ = {isa = PBXBuildFile; fileRef = A180AB2219925B5A006268A6 /* InfoPlist.strings */; };
		A180AB2619925B5A006268A6 /* YQDropdownCardViewTests.m in Sources */ = {isa = PBXBuildFile; fileRef = A180AB2519925B5A006268A6 /* YQDropdownCardViewTests.m */; };
		A180AB3119925BA0006268A6 /* YQCardBaseView.m in Sources */ = {isa = PBXBuildFile; fileRef = A180AB3019925BA0006268A6 /* YQCardBaseView.m */; };
		A180AB3419925F54006268A6 /* YQLoginCardView.m in Sources */ = {isa = PBXBuildFile; fileRef = A180AB3319925F54006268A6 /* YQLoginCardView.m */; };
		A180AB371992767D006268A6 /* YQDemoViewController.m in Sources */ = {isa = PBXBuildFile; fileRef = A180AB361992767D006268A6 /* YQDemoViewController.m */; };
/* End PBXBuildFile section */

/* Begin PBXContainerItemProxy section */
		A180AB1D19925B5A006268A6 /* PBXContainerItemProxy */ = {
			isa = PBXContainerItemProxy;
			containerPortal = A180AAF519925B59006268A6 /* Project object */;
			proxyType = 1;
			remoteGlobalIDString = A180AAFC19925B5A006268A6;
			remoteInfo = YQDropdownCardView;
		};
/* End PBXContainerItemProxy section */

/* Begin PBXFileReference section */
		A180AAFD19925B5A006268A6 /* YQDropdownCardView.app */ = {isa = PBXFileReference; explicitFileType = wrapper.application; includeInIndex = 0; path = YQDropdownCardView.app; sourceTree = BUILT_PRODUCTS_DIR; };
		A180AB0019925B5A006268A6 /* Foundation.framework */ = {isa = PBXFileReference; lastKnownFileType = wrapper.framework; name = Foundation.framework; path = System/Library/Frameworks/Foundation.framework; sourceTree = SDKROOT; };
		A180AB0219925B5A006268A6 /* CoreGraphics.framework */ = {isa = PBXFileReference; lastKnownFileType = wrapper.framework; name = CoreGraphics.framework; path = System/Library/Frameworks/CoreGraphics.framework; sourceTree = SDKROOT; };
		A180AB0419925B5A006268A6 /* UIKit.framework */ = {isa = PBXFileReference; lastKnownFileType = wrapper.framework; name = UIKit.framework; path = System/Library/Frameworks/UIKit.framework; sourceTree = SDKROOT; };
		A180AB0819925B5A006268A6 /* YQDropdownCardView-Info.plist */ = {isa = PBXFileReference; lastKnownFileType = text.plist.xml; path = "YQDropdownCardView-Info.plist"; sourceTree = "<group>"; };
		A180AB0A19925B5A006268A6 /* en */ = {isa = PBXFileReference; lastKnownFileType = text.plist.strings; name = en; path = en.lproj/InfoPlist.strings; sourceTree = "<group>"; };
		A180AB0C19925B5A006268A6 /* main.m */ = {isa = PBXFileReference; lastKnownFileType = sourcecode.c.objc; path = main.m; sourceTree = "<group>"; };
		A180AB0E19925B5A006268A6 /* YQDropdownCardView-Prefix.pch */ = {isa = PBXFileReference; lastKnownFileType = sourcecode.c.h; path = "YQDropdownCardView-Prefix.pch"; sourceTree = "<group>"; };
		A180AB0F19925B5A006268A6 /* YQAppDelegate.h */ = {isa = PBXFileReference; lastKnownFileType = sourcecode.c.h; path = YQAppDelegate.h; sourceTree = "<group>"; };
		A180AB1019925B5A006268A6 /* YQAppDelegate.m */ = {isa = PBXFileReference; lastKnownFileType = sourcecode.c.objc; path = YQAppDelegate.m; sourceTree = "<group>"; };
		A180AB1219925B5A006268A6 /* Images.xcassets */ = {isa = PBXFileReference; lastKnownFileType = folder.assetcatalog; path = Images.xcassets; sourceTree = "<group>"; };
		A180AB1819925B5A006268A6 /* YQDropdownCardViewTests.xctest */ = {isa = PBXFileReference; explicitFileType = wrapper.cfbundle; includeInIndex = 0; path = YQDropdownCardViewTests.xctest; sourceTree = BUILT_PRODUCTS_DIR; };
		A180AB1919925B5A006268A6 /* XCTest.framework */ = {isa = PBXFileReference; lastKnownFileType = wrapper.framework; name = XCTest.framework; path = Library/Frameworks/XCTest.framework; sourceTree = DEVELOPER_DIR; };
		A180AB2119925B5A006268A6 /* YQDropdownCardViewTests-Info.plist */ = {isa = PBXFileReference; lastKnownFileType = text.plist.xml; path = "YQDropdownCardViewTests-Info.plist"; sourceTree = "<group>"; };
		A180AB2319925B5A006268A6 /* en */ = {isa = PBXFileReference; lastKnownFileType = text.plist.strings; name = en; path = en.lproj/InfoPlist.strings; sourceTree = "<group>"; };
		A180AB2519925B5A006268A6 /* YQDropdownCardViewTests.m */ = {isa = PBXFileReference; lastKnownFileType = sourcecode.c.objc; path = YQDropdownCardViewTests.m; sourceTree = "<group>"; };
		A180AB2F19925BA0006268A6 /* YQCardBaseView.h */ = {isa = PBXFileReference; fileEncoding = 4; lastKnownFileType = sourcecode.c.h; path = YQCardBaseView.h; sourceTree = "<group>"; };
		A180AB3019925BA0006268A6 /* YQCardBaseView.m */ = {isa = PBXFileReference; fileEncoding = 4; lastKnownFileType = sourcecode.c.objc; path = YQCardBaseView.m; sourceTree = "<group>"; };
		A180AB3219925F54006268A6 /* YQLoginCardView.h */ = {isa = PBXFileReference; fileEncoding = 4; lastKnownFileType = sourcecode.c.h; path = YQLoginCardView.h; sourceTree = "<group>"; };
		A180AB3319925F54006268A6 /* YQLoginCardView.m */ = {isa = PBXFileReference; fileEncoding = 4; lastKnownFileType = sourcecode.c.objc; path = YQLoginCardView.m; sourceTree = "<group>"; };
		A180AB351992767D006268A6 /* YQDemoViewController.h */ = {isa = PBXFileReference; fileEncoding = 4; lastKnownFileType = sourcecode.c.h; path = YQDemoViewController.h; sourceTree = "<group>"; };
		A180AB361992767D006268A6 /* YQDemoViewController.m */ = {isa = PBXFileReference; fileEncoding = 4; lastKnownFileType = sourcecode.c.objc; path = YQDemoViewController.m; sourceTree = "<group>"; };
/* End PBXFileReference section */

/* Begin PBXFrameworksBuildPhase section */
		A180AAFA19925B5A006268A6 /* Frameworks */ = {
			isa = PBXFrameworksBuildPhase;
			buildActionMask = 2147483647;
			files = (
				A180AB0319925B5A006268A6 /* CoreGraphics.framework in Frameworks */,
				A180AB0519925B5A006268A6 /* UIKit.framework in Frameworks */,
				A180AB0119925B5A006268A6 /* Foundation.framework in Frameworks */,
			);
			runOnlyForDeploymentPostprocessing = 0;
		};
		A180AB1519925B5A006268A6 /* Frameworks */ = {
			isa = PBXFrameworksBuildPhase;
			buildActionMask = 2147483647;
			files = (
				A180AB1A19925B5A006268A6 /* XCTest.framework in Frameworks */,
				A180AB1C19925B5A006268A6 /* UIKit.framework in Frameworks */,
				A180AB1B19925B5A006268A6 /* Foundation.framework in Frameworks */,
			);
			runOnlyForDeploymentPostprocessing = 0;
		};
/* End PBXFrameworksBuildPhase section */

/* Begin PBXGroup section */
		A180AAF419925B59006268A6 = {
			isa = PBXGroup;
			children = (
				A180AB0619925B5A006268A6 /* YQDropdownCardView */,
				A180AB1F19925B5A006268A6 /* YQDropdownCardViewTests */,
				A180AAFF19925B5A006268A6 /* Frameworks */,
				A180AAFE19925B5A006268A6 /* Products */,
			);
			sourceTree = "<group>";
		};
		A180AAFE19925B5A006268A6 /* Products */ = {
			isa = PBXGroup;
			children = (
				A180AAFD19925B5A006268A6 /* YQDropdownCardView.app */,
				A180AB1819925B5A006268A6 /* YQDropdownCardViewTests.xctest */,
			);
			name = Products;
			sourceTree = "<group>";
		};
		A180AAFF19925B5A006268A6 /* Frameworks */ = {
			isa = PBXGroup;
			children = (
				A180AB0019925B5A006268A6 /* Foundation.framework */,
				A180AB0219925B5A006268A6 /* CoreGraphics.framework */,
				A180AB0419925B5A006268A6 /* UIKit.framework */,
				A180AB1919925B5A006268A6 /* XCTest.framework */,
			);
			name = Frameworks;
			sourceTree = "<group>";
		};
		A180AB0619925B5A006268A6 /* YQDropdownCardView */ = {
			isa = PBXGroup;
			children = (
				A180AB0F19925B5A006268A6 /* YQAppDelegate.h */,
				A180AB1019925B5A006268A6 /* YQAppDelegate.m */,
				A180AB2F19925BA0006268A6 /* YQCardBaseView.h */,
				A180AB3019925BA0006268A6 /* YQCardBaseView.m */,
				A180AB3219925F54006268A6 /* YQLoginCardView.h */,
				A180AB3319925F54006268A6 /* YQLoginCardView.m */,
				A180AB1219925B5A006268A6 /* Images.xcassets */,
				A180AB0719925B5A006268A6 /* Supporting Files */,
				A180AB351992767D006268A6 /* YQDemoViewController.h */,
				A180AB361992767D006268A6 /* YQDemoViewController.m */,
			);
			path = YQDropdownCardView;
			sourceTree = "<group>";
		};
		A180AB0719925B5A006268A6 /* Supporting Files */ = {
			isa = PBXGroup;
			children = (
				A180AB0819925B5A006268A6 /* YQDropdownCardView-Info.plist */,
				A180AB0919925B5A006268A6 /* InfoPlist.strings */,
				A180AB0C19925B5A006268A6 /* main.m */,
				A180AB0E19925B5A006268A6 /* YQDropdownCardView-Prefix.pch */,
			);
			name = "Supporting Files";
			sourceTree = "<group>";
		};
		A180AB1F19925B5A006268A6 /* YQDropdownCardViewTests */ = {
			isa = PBXGroup;
			children = (
				A180AB2519925B5A006268A6 /* YQDropdownCardViewTests.m */,
				A180AB2019925B5A006268A6 /* Supporting Files */,
			);
			path = YQDropdownCardViewTests;
			sourceTree = "<group>";
		};
		A180AB2019925B5A006268A6 /* Supporting Files */ = {
			isa = PBXGroup;
			children = (
				A180AB2119925B5A006268A6 /* YQDropdownCardViewTests-Info.plist */,
				A180AB2219925B5A006268A6 /* InfoPlist.strings */,
			);
			name = "Supporting Files";
			sourceTree = "<group>";
		};
/* End PBXGroup section */

/* Begin PBXNativeTarget section */
		A180AAFC19925B5A006268A6 /* YQDropdownCardView */ = {
			isa = PBXNativeTarget;
			buildConfigurationList = A180AB2919925B5A006268A6 /* Build configuration list for PBXNativeTarget "YQDropdownCardView" */;
			buildPhases = (
				A180AAF919925B5A006268A6 /* Sources */,
				A180AAFA19925B5A006268A6 /* Frameworks */,
				A180AAFB19925B5A006268A6 /* Resources */,
			);
			buildRules = (
			);
			dependencies = (
			);
			name = YQDropdownCardView;
			productName = YQDropdownCardView;
			productReference = A180AAFD19925B5A006268A6 /* YQDropdownCardView.app */;
			productType = "com.apple.product-type.application";
		};
		A180AB1719925B5A006268A6 /* YQDropdownCardViewTests */ = {
			isa = PBXNativeTarget;
			buildConfigurationList = A180AB2C19925B5A006268A6 /* Build configuration list for PBXNativeTarget "YQDropdownCardViewTests" */;
			buildPhases = (
				A180AB1419925B5A006268A6 /* Sources */,
				A180AB1519925B5A006268A6 /* Frameworks */,
				A180AB1619925B5A006268A6 /* Resources */,
			);
			buildRules = (
			);
			dependencies = (
				A180AB1E19925B5A006268A6 /* PBXTargetDependency */,
			);
			name = YQDropdownCardViewTests;
			productName = YQDropdownCardViewTests;
			productReference = A180AB1819925B5A006268A6 /* YQDropdownCardViewTests.xctest */;
			productType = "com.apple.product-type.bundle.unit-test";
		};
/* End PBXNativeTarget section */

/* Begin PBXProject section */
		A180AAF519925B59006268A6 /* Project object */ = {
			isa = PBXProject;
			attributes = {
				CLASSPREFIX = YQ;
				LastUpgradeCheck = 0510;
				ORGANIZATIONNAME = andy;
				TargetAttributes = {
					A180AB1719925B5A006268A6 = {
						TestTargetID = A180AAFC19925B5A006268A6;
					};
				};
			};
			buildConfigurationList = A180AAF819925B59006268A6 /* Build configuration list for PBXProject "YQDropdownCardView" */;
			compatibilityVersion = "Xcode 3.2";
			developmentRegion = English;
			hasScannedForEncodings = 0;
			knownRegions = (
				en,
			);
			mainGroup = A180AAF419925B59006268A6;
			productRefGroup = A180AAFE19925B5A006268A6 /* Products */;
			projectDirPath = "";
			projectRoot = "";
			targets = (
				A180AAFC19925B5A006268A6 /* YQDropdownCardView */,
				A180AB1719925B5A006268A6 /* YQDropdownCardViewTests */,
			);
		};
/* End PBXProject section */

/* Begin PBXResourcesBuildPhase section */
		A180AAFB19925B5A006268A6 /* Resources */ = {
			isa = PBXResourcesBuildPhase;
			buildActionMask = 2147483647;
			files = (
				A180AB0B19925B5A006268A6 /* InfoPlist.strings in Resources */,
				A180AB1319925B5A006268A6 /* Images.xcassets in Resources */,
			);
			runOnlyForDeploymentPostprocessing = 0;
		};
		A180AB1619925B5A006268A6 /* Resources */ = {
			isa = PBXResourcesBuildPhase;
			buildActionMask = 2147483647;
			files = (
				A180AB2419925B5A006268A6 /* InfoPlist.strings in Resources */,
			);
			runOnlyForDeploymentPostprocessing = 0;
		};
/* End PBXResourcesBuildPhase section */

/* Begin PBXSourcesBuildPhase section */
		A180AAF919925B5A006268A6 /* Sources */ = {
			isa = PBXSourcesBuildPhase;
			buildActionMask = 2147483647;
			files = (
				A180AB371992767D006268A6 /* YQDemoViewController.m in Sources */,
				A180AB3419925F54006268A6 /* YQLoginCardView.m in Sources */,
				A180AB1119925B5A006268A6 /* YQAppDelegate.m in Sources */,
				A180AB0D19925B5A006268A6 /* main.m in Sources */,
				A180AB3119925BA0006268A6 /* YQCardBaseView.m in Sources */,
			);
			runOnlyForDeploymentPostprocessing = 0;
		};
		A180AB1419925B5A006268A6 /* Sources */ = {
			isa = PBXSourcesBuildPhase;
			buildActionMask = 2147483647;
			files = (
				A180AB2619925B5A006268A6 /* YQDropdownCardViewTests.m in Sources */,
			);
			runOnlyForDeploymentPostprocessing = 0;
		};
/* End PBXSourcesBuildPhase section */

/* Begin PBXTargetDependency section */
		A180AB1E19925B5A006268A6 /* PBXTargetDependency */ = {
			isa = PBXTargetDependency;
			target = A180AAFC19925B5A006268A6 /* YQDropdownCardView */;
			targetProxy = A180AB1D19925B5A006268A6 /* PBXContainerItemProxy */;
		};
/* End PBXTargetDependency section */

/* Begin PBXVariantGroup section */
		A180AB0919925B5A006268A6 /* InfoPlist.strings */ = {
			isa = PBXVariantGroup;
			children = (
				A180AB0A19925B5A006268A6 /* en */,
			);
			name = InfoPlist.strings;
			sourceTree = "<group>";
		};
		A180AB2219925B5A006268A6 /* InfoPlist.strings */ = {
			isa = PBXVariantGroup;
			children = (
				A180AB2319925B5A006268A6 /* en */,
			);
			name = InfoPlist.strings;
			sourceTree = "<group>";
		};
/* End PBXVariantGroup section */

/* Begin XCBuildConfiguration section */
		A180AB2719925B5A006268A6 /* Debug */ = {
			isa = XCBuildConfiguration;
			buildSettings = {
				ALWAYS_SEARCH_USER_PATHS = NO;
				CLANG_CXX_LANGUAGE_STANDARD = "gnu++0x";
				CLANG_CXX_LIBRARY = "libc++";
				CLANG_ENABLE_MODULES = YES;
				CLANG_ENABLE_OBJC_ARC = YES;
				CLANG_WARN_BOOL_CONVERSION = YES;
				CLANG_WARN_CONSTANT_CONVERSION = YES;
				CLANG_WARN_DIRECT_OBJC_ISA_USAGE = YES_ERROR;
				CLANG_WARN_EMPTY_BODY = YES;
				CLANG_WARN_ENUM_CONVERSION = YES;
				CLANG_WARN_INT_CONVERSION = YES;
				CLANG_WARN_OBJC_ROOT_CLASS = YES_ERROR;
				CLANG_WARN__DUPLICATE_METHOD_MATCH = YES;
				"CODE_SIGN_IDENTITY[sdk=iphoneos*]" = "iPhone Developer";
				COPY_PHASE_STRIP = NO;
				GCC_C_LANGUAGE_STANDARD = gnu99;
				GCC_DYNAMIC_NO_PIC = NO;
				GCC_OPTIMIZATION_LEVEL = 0;
				GCC_PREPROCESSOR_DEFINITIONS = (
					"DEBUG=1",
					"$(inherited)",
				);
				GCC_SYMBOLS_PRIVATE_EXTERN = NO;
				GCC_WARN_64_TO_32_BIT_CONVERSION = YES;
				GCC_WARN_ABOUT_RETURN_TYPE = YES_ERROR;
				GCC_WARN_UNDECLARED_SELECTOR = YES;
				GCC_WARN_UNINITIALIZED_AUTOS = YES_AGGRESSIVE;
				GCC_WARN_UNUSED_FUNCTION = YES;
				GCC_WARN_UNUSED_VARIABLE = YES;
				IPHONEOS_DEPLOYMENT_TARGET = 7.1;
				ONLY_ACTIVE_ARCH = YES;
				SDKROOT = iphoneos;
			};
			name = Debug;
		};
		A180AB2819925B5A006268A6 /* Release */ = {
			isa = XCBuildConfiguration;
			buildSettings = {
				ALWAYS_SEARCH_USER_PATHS = NO;
				CLANG_CXX_LANGUAGE_STANDARD = "gnu++0x";
				CLANG_CXX_LIBRARY = "libc++";
				CLANG_ENABLE_MODULES = YES;
				CLANG_ENABLE_OBJC_ARC = YES;
				CLANG_WARN_BOOL_CONVERSION = YES;
				CLANG_WARN_CONSTANT_CONVERSION = YES;
				CLANG_WARN_DIRECT_OBJC_ISA_USAGE = YES_ERROR;
				CLANG_WARN_EMPTY_BODY = YES;
				CLANG_WARN_ENUM_CONVERSION = YES;
				CLANG_WARN_INT_CONVERSION = YES;
				CLANG_WARN_OBJC_ROOT_CLASS = YES_ERROR;
				CLANG_WARN__DUPLICATE_METHOD_MATCH = YES;
				"CODE_SIGN_IDENTITY[sdk=iphoneos*]" = "iPhone Developer";
				COPY_PHASE_STRIP = YES;
				ENABLE_NS_ASSERTIONS = NO;
				GCC_C_LANGUAGE_STANDARD = gnu99;
				GCC_WARN_64_TO_32_BIT_CONVERSION = YES;
				GCC_WARN_ABOUT_RETURN_TYPE = YES_ERROR;
				GCC_WARN_UNDECLARED_SELECTOR = YES;
				GCC_WARN_UNINITIALIZED_AUTOS = YES_AGGRESSIVE;
				GCC_WARN_UNUSED_FUNCTION = YES;
				GCC_WARN_UNUSED_VARIABLE = YES;
				IPHONEOS_DEPLOYMENT_TARGET = 7.1;
				SDKROOT = iphoneos;
				VALIDATE_PRODUCT = YES;
			};
			name = Release;
		};
		A180AB2A19925B5A006268A6 /* Debug */ = {
			isa = XCBuildConfiguration;
			buildSettings = {
				ASSETCATALOG_COMPILER_APPICON_NAME = AppIcon;
				ASSETCATALOG_COMPILER_LAUNCHIMAGE_NAME = LaunchImage;
				GCC_PRECOMPILE_PREFIX_HEADER = YES;
				GCC_PREFIX_HEADER = "YQDropdownCardView/YQDropdownCardView-Prefix.pch";
				INFOPLIST_FILE = "YQDropdownCardView/YQDropdownCardView-Info.plist";
				PRODUCT_NAME = "$(TARGET_NAME)";
				WRAPPER_EXTENSION = app;
			};
			name = Debug;
		};
		A180AB2B19925B5A006268A6 /* Release */ = {
			isa = XCBuildConfiguration;
			buildSettings = {
				ASSETCATALOG_COMPILER_APPICON_NAME = AppIcon;
				ASSETCATALOG_COMPILER_LAUNCHIMAGE_NAME = LaunchImage;
				GCC_PRECOMPILE_PREFIX_HEADER = YES;
				GCC_PREFIX_HEADER = "YQDropdownCardView/YQDropdownCardView-Prefix.pch";
				INFOPLIST_FILE = "YQDropdownCardView/YQDropdownCardView-Info.plist";
				PRODUCT_NAME = "$(TARGET_NAME)";
				WRAPPER_EXTENSION = app;
			};
			name = Release;
		};
		A180AB2D19925B5A006268A6 /* Debug */ = {
			isa = XCBuildConfiguration;
			buildSettings = {
				BUNDLE_LOADER = "$(BUILT_PRODUCTS_DIR)/YQDropdownCardView.app/YQDropdownCardView";
				FRAMEWORK_SEARCH_PATHS = (
					"$(SDKROOT)/Developer/Library/Frameworks",
					"$(inherited)",
					"$(DEVELOPER_FRAMEWORKS_DIR)",
				);
				GCC_PRECOMPILE_PREFIX_HEADER = YES;
				GCC_PREFIX_HEADER = "YQDropdownCardView/YQDropdownCardView-Prefix.pch";
				GCC_PREPROCESSOR_DEFINITIONS = (
					"DEBUG=1",
					"$(inherited)",
				);
				INFOPLIST_FILE = "YQDropdownCardViewTests/YQDropdownCardViewTests-Info.plist";
				PRODUCT_NAME = "$(TARGET_NAME)";
				TEST_HOST = "$(BUNDLE_LOADER)";
				WRAPPER_EXTENSION = xctest;
			};
			name = Debug;
		};
		A180AB2E19925B5A006268A6 /* Release */ = {
			isa = XCBuildConfiguration;
			buildSettings = {
				BUNDLE_LOADER = "$(BUILT_PRODUCTS_DIR)/YQDropdownCardView.app/YQDropdownCardView";
				FRAMEWORK_SEARCH_PATHS = (
					"$(SDKROOT)/Developer/Library/Frameworks",
					"$(inherited)",
					"$(DEVELOPER_FRAMEWORKS_DIR)",
				);
				GCC_PRECOMPILE_PREFIX_HEADER = YES;
				GCC_PREFIX_HEADER = "YQDropdownCardView/YQDropdownCardView-Prefix.pch";
				INFOPLIST_FILE = "YQDropdownCardViewTests/YQDropdownCardViewTests-Info.plist";
				PRODUCT_NAME = "$(TARGET_NAME)";
				TEST_HOST = "$(BUNDLE_LOADER)";
				WRAPPER_EXTENSION = xctest;
			};
			name = Release;
		};
/* End XCBuildConfiguration section */

/* Begin XCConfigurationList section */
		A180AAF819925B59006268A6 /* Build configuration list for PBXProject "YQDropdownCardView" */ = {
			isa = XCConfigurationList;
			buildConfigurations = (
				A180AB2719925B5A006268A6 /* Debug */,
				A180AB2819925B5A006268A6 /* Release */,
			);
			defaultConfigurationIsVisible = 0;
			defaultConfigurationName = Release;
		};
		A180AB2919925B5A006268A6 /* Build configuration list for PBXNativeTarget "YQDropdownCardView" */ = {
			isa = XCConfigurationList;
			buildConfigurations = (
				A180AB2A19925B5A006268A6 /* Debug */,
				A180AB2B19925B5A006268A6 /* Release */,
			);
			defaultConfigurationIsVisible = 0;
		};
		A180AB2C19925B5A006268A6 /* Build configuration list for PBXNativeTarget "YQDropdownCardViewTests" */ = {
			isa = XCConfigurationList;
			buildConfigurations = (
				A180AB2D19925B5A006268A6 /* Debug */,
				A180AB2E19925B5A006268A6 /* Release */,
			);
			defaultConfigurationIsVisible = 0;
		};
/* End XCConfigurationList section */
	};
	rootObject = A180AAF519925B59006268A6 /* Project object */;
}
